Microsoft Visual Studio Solution File, Format Version 12.00
# Visual Studio Version 17
VisualStudioVersion = 17.13.35931.197
MinimumVisualStudioVersion = 10.0.40219.1
Project("{FAE04EC0-301F-11D3-BF4B-00C04F79EFBC}") = "S3CachedService.AppHost", "src\S3CachedService.AppHost\S3CachedService.AppHost.csproj", "{CC58FDFF-529C-4B4E-B77E-4030C13C63BD}"
EndProject
Project("{FAE04EC0-301F-11D3-BF4B-00C04F79EFBC}") = "S3CachedService.ApiService", "src\S3CachedService.ApiService\S3CachedService.ApiService.csproj", "{372C01D7-8DFE-FD2F-A080-7CABBD7AE5D7}"
EndProject
Project("{FAE04EC0-301F-11D3-BF4B-00C04F79EFBC}") = "S3CachedService.Web", "src\S3CachedService.Web\S3CachedService.Web.csproj", "{5959F470-E4FA-034E-FC21-79EC85F0B09E}"
EndProject
Project("{FAE04EC0-301F-11D3-BF4B-00C04F79EFBC}") = "S3CachedService.Tests", "src\S3CachedService.Tests\S3CachedService.Tests.csproj", "{14FD6126-B621-F38C-DA39-F52FF42ACEB6}"
EndProject
Project("{2150E333-8FDC-42A3-9474-1A3956D46DE8}") = "Apps", "Apps", "{36D591C7-65C7-A0D1-1CBC-10CDE441BDC8}"
EndProject
Project("{2150E333-8FDC-42A3-9474-1A3956D46DE8}") = "Libs", "Libs", "{11EBB434-E3B4-4570-9641-0B0CFADE3287}"
EndProject
Project("{2150E333-8FDC-42A3-9474-1A3956D46DE8}") = "Tests", "Tests", "{2854A363-BBB1-418E-9DA2-2D04D93F065B}"
EndProject
Project("{2150E333-8FDC-42A3-9474-1A3956D46DE8}") = "SolutionFiles", "SolutionFiles", "{A92FDE4F-8A0D-4AC8-97FD-BB7061FB5D2A}"
	ProjectSection(SolutionItems) = preProject
		.editorconfig = .editorconfig
		.gitignore = .gitignore
		LICENSE.TXT = LICENSE.TXT
	EndProjectSection
EndProject
Project("{FAE04EC0-301F-11D3-BF4B-00C04F79EFBC}") = "S3CachedService.ServiceDefaults", "src\S3CachedService.ServiceDefaults\S3CachedService.ServiceDefaults.csproj", "{7919E75F-47FC-ED4D-8EE8-04A109A0B410}"
EndProject
Global
	GlobalSection(SolutionConfigurationPlatforms) = preSolution
		Debug|Any CPU = Debug|Any CPU
		Release|Any CPU = Release|Any CPU
	EndGlobalSection
	GlobalSection(ProjectConfigurationPlatforms) = postSolution
		{CC58FDFF-529C-4B4E-B77E-4030C13C63BD}.Debug|Any CPU.ActiveCfg = Debug|Any CPU
		{CC58FDFF-529C-4B4E-B77E-4030C13C63BD}.Debug|Any CPU.Build.0 = Debug|Any CPU
		{CC58FDFF-529C-4B4E-B77E-4030C13C63BD}.Release|Any CPU.ActiveCfg = Release|Any CPU
		{CC58FDFF-529C-4B4E-B77E-4030C13C63BD}.Release|Any CPU.Build.0 = Release|Any CPU
		{372C01D7-8DFE-FD2F-A080-7CABBD7AE5D7}.Debug|Any CPU.ActiveCfg = Debug|Any CPU
		{372C01D7-8DFE-FD2F-A080-7CABBD7AE5D7}.Debug|Any CPU.Build.0 = Debug|Any CPU
		{372C01D7-8DFE-FD2F-A080-7CABBD7AE5D7}.Release|Any CPU.ActiveCfg = Release|Any CPU
		{372C01D7-8DFE-FD2F-A080-7CABBD7AE5D7}.Release|Any CPU.Build.0 = Release|Any CPU
		{5959F470-E4FA-034E-FC21-79EC85F0B09E}.Debug|Any CPU.ActiveCfg = Debug|Any CPU
		{5959F470-E4FA-034E-FC21-79EC85F0B09E}.Debug|Any CPU.Build.0 = Debug|Any CPU
		{5959F470-E4FA-034E-FC21-79EC85F0B09E}.Release|Any CPU.ActiveCfg = Release|Any CPU
		{5959F470-E4FA-034E-FC21-79EC85F0B09E}.Release|Any CPU.Build.0 = Release|Any CPU
		{14FD6126-B621-F38C-DA39-F52FF42ACEB6}.Debug|Any CPU.ActiveCfg = Debug|Any CPU
		{14FD6126-B621-F38C-DA39-F52FF42ACEB6}.Debug|Any CPU.Build.0 = Debug|Any CPU
		{14FD6126-B621-F38C-DA39-F52FF42ACEB6}.Release|Any CPU.ActiveCfg = Release|Any CPU
		{14FD6126-B621-F38C-DA39-F52FF42ACEB6}.Release|Any CPU.Build.0 = Release|Any CPU
		{7919E75F-47FC-ED4D-8EE8-04A109A0B410}.Debug|Any CPU.ActiveCfg = Debug|Any CPU
		{7919E75F-47FC-ED4D-8EE8-04A109A0B410}.Debug|Any CPU.Build.0 = Debug|Any CPU
		{7919E75F-47FC-ED4D-8EE8-04A109A0B410}.Release|Any CPU.ActiveCfg = Release|Any CPU
		{7919E75F-47FC-ED4D-8EE8-04A109A0B410}.Release|Any CPU.Build.0 = Release|Any CPU
	EndGlobalSection
	GlobalSection(SolutionProperties) = preSolution
		HideSolutionNode = FALSE
	EndGlobalSection
	GlobalSection(NestedProjects) = preSolution
		{CC58FDFF-529C-4B4E-B77E-4030C13C63BD} = {36D591C7-65C7-A0D1-1CBC-10CDE441BDC8}
		{372C01D7-8DFE-FD2F-A080-7CABBD7AE5D7} = {36D591C7-65C7-A0D1-1CBC-10CDE441BDC8}
		{5959F470-E4FA-034E-FC21-79EC85F0B09E} = {36D591C7-65C7-A0D1-1CBC-10CDE441BDC8}
		{14FD6126-B621-F38C-DA39-F52FF42ACEB6} = {2854A363-BBB1-418E-9DA2-2D04D93F065B}
		{7919E75F-47FC-ED4D-8EE8-04A109A0B410} = {11EBB434-E3B4-4570-9641-0B0CFADE3287}
	EndGlobalSection
	GlobalSection(ExtensibilityGlobals) = postSolution
		SolutionGuid = {F2863960-6FD8-4754-BD6B-B5D028C96FCC}
	EndGlobalSection
EndGlobal
